// !$*UTF8*$!
{
	archiveVersion = 1;
	classes = {
	};
	objectVersion = 50;
	objects = {

/* Begin PBXBuildFile section */
		25B5004FEACB712621FF59FB /* Pods_Listen1.framework in Frameworks */ = {isa = PBXBuildFile; fileRef = BF8FEAF206968D8D39EA0F13 /* Pods_Listen1.framework */; };
		C7EC64FA259D61F0002360AD /* AppDelegate.swift in Sources */ = {isa = PBXBuildFile; fileRef = C7EC64F9259D61F0002360AD /* AppDelegate.swift */; };
		C7EC64FC259D61F0002360AD /* SceneDelegate.swift in Sources */ = {isa = PBXBuildFile; fileRef = C7EC64FB259D61F0002360AD /* SceneDelegate.swift */; };
		C7EC64FE259D61F0002360AD /* ViewController.swift in Sources */ = {isa = PBXBuildFile; fileRef = C7EC64FD259D61F0002360AD /* ViewController.swift */; };
		C7EC6501259D61F0002360AD /* Main.storyboard in Resources */ = {isa = PBXBuildFile; fileRef = C7EC64FF259D61F0002360AD /* Main.storyboard */; };
		C7EC6503259D61F0002360AD /* Assets.xcassets in Resources */ = {isa = PBXBuildFile; fileRef = C7EC6502259D61F0002360AD /* Assets.xcassets */; };
		C7EC6506259D61F0002360AD /* LaunchScreen.storyboard in Resources */ = {isa = PBXBuildFile; fileRef = C7EC6504259D61F0002360AD /* LaunchScreen.storyboard */; };
/* End PBXBuildFile section */

/* Begin PBXFileReference section */
		3F74166F190903A6E60DE46C /* Pods-Listen1.release.xcconfig */ = {isa = PBXFileReference; includeInIndex = 1; lastKnownFileType = text.xcconfig; name = "Pods-Listen1.release.xcconfig"; path = "Target Support Files/Pods-Listen1/Pods-Listen1.release.xcconfig"; sourceTree = "<group>"; };
		BF8FEAF206968D8D39EA0F13 /* Pods_Listen1.framework */ = {isa = PBXFileReference; explicitFileType = wrapper.framework; includeInIndex = 0; path = Pods_Listen1.framework; sourceTree = BUILT_PRODUCTS_DIR; };
		C7EC64F6259D61F0002360AD /* Listen1.app */ = {isa = PBXFileReference; explicitFileType = wrapper.application; includeInIndex = 0; path = Listen1.app; sourceTree = BUILT_PRODUCTS_DIR; };
		C7EC64F9259D61F0002360AD /* AppDelegate.swift */ = {isa = PBXFileReference; lastKnownFileType = sourcecode.swift; path = AppDelegate.swift; sourceTree = "<group>"; };
		C7EC64FB259D61F0002360AD /* SceneDelegate.swift */ = {isa = PBXFileReference; lastKnownFileType = sourcecode.swift; path = SceneDelegate.swift; sourceTree = "<group>"; };
		C7EC64FD259D61F0002360AD /* ViewController.swift */ = {isa = PBXFileReference; lastKnownFileType = sourcecode.swift; path = ViewController.swift; sourceTree = "<group>"; };
		C7EC6500259D61F0002360AD /* Base */ = {isa = PBXFileReference; lastKnownFileType = file.storyboard; name = Base; path = Base.lproj/Main.storyboard; sourceTree = "<group>"; };
		C7EC6502259D61F0002360AD /* Assets.xcassets */ = {isa = PBXFileReference; lastKnownFileType = folder.assetcatalog; path = Assets.xcassets; sourceTree = "<group>"; };
		C7EC6505259D61F0002360AD /* Base */ = {isa = PBXFileReference; lastKnownFileType = file.storyboard; name = Base; path = Base.lproj/LaunchScreen.storyboard; sourceTree = "<group>"; };
		C7EC6507259D61F0002360AD /* Info.plist */ = {isa = PBXFileReference; lastKnownFileType = text.plist.xml; path = Info.plist; sourceTree = "<group>"; };
		C7EC650E259D61F5002360AD /* Listen1.entitlements */ = {isa = PBXFileReference; lastKnownFileType = text.plist.entitlements; path = Listen1.entitlements; sourceTree = "<group>"; };
		DE11637D992F5BE848A6FB09 /* Pods-Listen1.debug.xcconfig */ = {isa = PBXFileReference; includeInIndex = 1; lastKnownFileType = text.xcconfig; name = "Pods-Listen1.debug.xcconfig"; path = "Target Support Files/Pods-Listen1/Pods-Listen1.debug.xcconfig"; sourceTree = "<group>"; };
/* End PBXFileReference section */

/* Begin PBXFrameworksBuildPhase section */
		C7EC64F3259D61F0002360AD /* Frameworks */ = {
			isa = PBXFrameworksBuildPhase;
			buildActionMask = 2147483647;
			files = (
				25B5004FEACB712621FF59FB /* Pods_Listen1.framework in Frameworks */,
			);
			runOnlyForDeploymentPostprocessing = 0;
		};
/* End PBXFrameworksBuildPhase section */

/* Begin PBXGroup section */
		4AB1F139060F1879423B8826 /* Pods */ = {
			isa = PBXGroup;
			children = (
				DE11637D992F5BE848A6FB09 /* Pods-Listen1.debug.xcconfig */,
				3F74166F190903A6E60DE46C /* Pods-Listen1.release.xcconfig */,
			);
			name = Pods;
			path = Pods;
			sourceTree = "<group>";
		};
		C7EC64ED259D61EF002360AD = {
			isa = PBXGroup;
			children = (
				C7EC64F8259D61F0002360AD /* Listen1 */,
				C7EC64F7259D61F0002360AD /* Products */,
				4AB1F139060F1879423B8826 /* Pods */,
				D39EFD89743A604B5FF0DA86 /* Frameworks */,
			);
			sourceTree = "<group>";
		};
		C7EC64F7259D61F0002360AD /* Products */ = {
			isa = PBXGroup;
			children = (
				C7EC64F6259D61F0002360AD /* Listen1.app */,
			);
			name = Products;
			sourceTree = "<group>";
		};
		C7EC64F8259D61F0002360AD /* Listen1 */ = {
			isa = PBXGroup;
			children = (
				C7EC650E259D61F5002360AD /* Listen1.entitlements */,
				C7EC64F9259D61F0002360AD /* AppDelegate.swift */,
				C7EC64FB259D61F0002360AD /* SceneDelegate.swift */,
				C7EC64FD259D61F0002360AD /* ViewController.swift */,
				C7EC64FF259D61F0002360AD /* Main.storyboard */,
				C7EC6502259D61F0002360AD /* Assets.xcassets */,
				C7EC6504259D61F0002360AD /* LaunchScreen.storyboard */,
				C7EC6507259D61F0002360AD /* Info.plist */,
			);
			path = Listen1;
			sourceTree = "<group>";
		};
		D39EFD89743A604B5FF0DA86 /* Frameworks */ = {
			isa = PBXGroup;
			children = (
				BF8FEAF206968D8D39EA0F13 /* Pods_Listen1.framework */,
			);
			name = Frameworks;
			sourceTree = "<group>";
		};
/* End PBXGroup section */

/* Begin PBXNativeTarget section */
		C7EC64F5259D61F0002360AD /* Listen1 */ = {
			isa = PBXNativeTarget;
			buildConfigurationList = C7EC650A259D61F0002360AD /* Build configuration list for PBXNativeTarget "Listen1" */;
			buildPhases = (
				04ACF684D26400C42958B7A6 /* [CP] Check Pods Manifest.lock */,
				C7EC64F2259D61F0002360AD /* Sources */,
				C7EC64F3259D61F0002360AD /* Frameworks */,
				C7EC64F4259D61F0002360AD /* Resources */,
			);
			buildRules = (
			);
			dependencies = (
			);
			name = Listen1;
			productName = Listen1;
			productReference = C7EC64F6259D61F0002360AD /* Listen1.app */;
			productType = "com.apple.product-type.application";
		};
/* End PBXNativeTarget section */

/* Begin PBXProject section */
		C7EC64EE259D61EF002360AD /* Project object */ = {
			isa = PBXProject;
			attributes = {
				LastSwiftUpdateCheck = 1230;
				LastUpgradeCheck = 1230;
				TargetAttributes = {
					C7EC64F5259D61F0002360AD = {
						CreatedOnToolsVersion = 12.3;
					};
				};
			};
			buildConfigurationList = C7EC64F1259D61EF002360AD /* Build configuration list for PBXProject "Listen1" */;
			compatibilityVersion = "Xcode 9.3";
			developmentRegion = en;
			hasScannedForEncodings = 0;
			knownRegions = (
				en,
				Base,
			);
			mainGroup = C7EC64ED259D61EF002360AD;
			productRefGroup = C7EC64F7259D61F0002360AD /* Products */;
			projectDirPath = "";
			projectRoot = "";
			targets = (
				C7EC64F5259D61F0002360AD /* Listen1 */,
			);
		};
/* End PBXProject section */

/* Begin PBXResourcesBuildPhase section */
		C7EC64F4259D61F0002360AD /* Resources */ = {
			isa = PBXResourcesBuildPhase;
			buildActionMask = 2147483647;
			files = (
				C7EC6506259D61F0002360AD /* LaunchScreen.storyboard in Resources */,
				C7EC6503259D61F0002360AD /* Assets.xcassets in Resources */,
				C7EC6501259D61F0002360AD /* Main.storyboard in Resources */,
			);
			runOnlyForDeploymentPostprocessing = 0;
		};
/* End PBXResourcesBuildPhase section */

/* Begin PBXShellScriptBuildPhase section */
		04ACF684D26400C42958B7A6 /* [CP] Check Pods Manifest.lock */ = {
			isa = PBXShellScriptBuildPhase;
			buildActionMask = 2147483647;
			files = (
			);
			inputFileListPaths = (
			);
			inputPaths = (
				"${PODS_PODFILE_DIR_PATH}/Podfile.lock",
				"${PODS_ROOT}/Manifest.lock",
			);
			name = "[CP] Check Pods Manifest.lock";
			outputFileListPaths = (
			);
			outputPaths = (
				"$(DERIVED_FILE_DIR)/Pods-Listen1-checkManifestLockResult.txt",
			);
			runOnlyForDeploymentPostprocessing = 0;
			shellPath = /bin/sh;
			shellScript = "diff \"${PODS_PODFILE_DIR_PATH}/Podfile.lock\" \"${PODS_ROOT}/Manifest.lock\" > /dev/null\nif [ $? != 0 ] ; then\n    # print error to STDERR\n    echo \"error: The sandbox is not in sync with the Podfile.lock. Run 'pod install' or update your CocoaPods installation.\" >&2\n    exit 1\nfi\n# This output is used by Xcode 'outputs' to avoid re-running this script phase.\necho \"SUCCESS\" > \"${SCRIPT_OUTPUT_FILE_0}\"\n";
			showEnvVarsInLog = 0;
		};
/* End PBXShellScriptBuildPhase section */

/* Begin PBXSourcesBuildPhase section */
		C7EC64F2259D61F0002360AD /* Sources */ = {
			isa = PBXSourcesBuildPhase;
			buildActionMask = 2147483647;
			files = (
				C7EC64FE259D61F0002360AD /* ViewController.swift in Sources */,
				C7EC64FA259D61F0002360AD /* AppDelegate.swift in Sources */,
				C7EC64FC259D61F0002360AD /* SceneDelegate.swift in Sources */,
			);
			runOnlyForDeploymentPostprocessing = 0;
		};
/* End PBXSourcesBuildPhase section */

/* Begin PBXVariantGroup section */
		C7EC64FF259D61F0002360AD /* Main.storyboard */ = {
			isa = PBXVariantGroup;
			children = (
				C7EC6500259D61F0002360AD /* Base */,
			);
			name = Main.storyboard;
			sourceTree = "<group>";
		};
		C7EC6504259D61F0002360AD /* LaunchScreen.storyboard */ = {
			isa = PBXVariantGroup;
			children = (
				C7EC6505259D61F0002360AD /* Base */,
			);
			name = LaunchScreen.storyboard;
			sourceTree = "<group>";
		};
/* End PBXVariantGroup section */

/* Begin XCBuildConfiguration section */
		C7EC6508259D61F0002360AD /* Debug */ = {
			isa = XCBuildConfiguration;
			buildSettings = {
				ALWAYS_SEARCH_USER_PATHS = NO;
				CLANG_ANALYZER_NONNULL = YES;
				CLANG_ANALYZER_NUMBER_OBJECT_CONVERSION = YES_AGGRESSIVE;
				CLANG_CXX_LANGUAGE_STANDARD = "gnu++14";
				CLANG_CXX_LIBRARY = "libc++";
				CLANG_ENABLE_MODULES = YES;
				CLANG_ENABLE_OBJC_ARC = YES;
				CLANG_ENABLE_OBJC_WEAK = YES;
				CLANG_WARN_BLOCK_CAPTURE_AUTORELEASING = YES;
				CLANG_WARN_BOOL_CONVERSION = YES;
				CLANG_WARN_COMMA = YES;
				CLANG_WARN_CONSTANT_CONVERSION = YES;
				CLANG_WARN_DEPRECATED_OBJC_IMPLEMENTATIONS = YES;
				CLANG_WARN_DIRECT_OBJC_ISA_USAGE = YES_ERROR;
				CLANG_WARN_DOCUMENTATION_COMMENTS = YES;
				CLANG_WARN_EMPTY_BODY = YES;
				CLANG_WARN_ENUM_CONVERSION = YES;
				CLANG_WARN_INFINITE_RECURSION = YES;
				CLANG_WARN_INT_CONVERSION = YES;
				CLANG_WARN_NON_LITERAL_NULL_CONVERSION = YES;
				CLANG_WARN_OBJC_IMPLICIT_RETAIN_SELF = YES;
				CLANG_WARN_OBJC_LITERAL_CONVERSION = YES;
				CLANG_WARN_OBJC_ROOT_CLASS = YES_ERROR;
				CLANG_WARN_QUOTED_INCLUDE_IN_FRAMEWORK_HEADER = YES;
				CLANG_WARN_RANGE_LOOP_ANALYSIS = YES;
				CLANG_WARN_STRICT_PROTOTYPES = YES;
				CLANG_WARN_SUSPICIOUS_MOVE = YES;
				CLANG_WARN_UNGUARDED_AVAILABILITY = YES_AGGRESSIVE;
				CLANG_WARN_UNREACHABLE_CODE = YES;
				CLANG_WARN__DUPLICATE_METHOD_MATCH = YES;
				COPY_PHASE_STRIP = NO;
				DEBUG_INFORMATION_FORMAT = dwarf;
				ENABLE_STRICT_OBJC_MSGSEND = YES;
				ENABLE_TESTABILITY = YES;
				GCC_C_LANGUAGE_STANDARD = gnu11;
				GCC_DYNAMIC_NO_PIC = NO;
				GCC_NO_COMMON_BLOCKS = YES;
				GCC_OPTIMIZATION_LEVEL = 0;
				GCC_PREPROCESSOR_DEFINITIONS = (
					"DEBUG=1",
					"$(inherited)",
				);
				GCC_WARN_64_TO_32_BIT_CONVERSION = YES;
				GCC_WARN_ABOUT_RETURN_TYPE = YES_ERROR;
				GCC_WARN_UNDECLARED_SELECTOR = YES;
				GCC_WARN_UNINITIALIZED_AUTOS = YES_AGGRESSIVE;
				GCC_WARN_UNUSED_FUNCTION = YES;
				GCC_WARN_UNUSED_VARIABLE = YES;
				IPHONEOS_DEPLOYMENT_TARGET = 14.3;
				MTL_ENABLE_DEBUG_INFO = INCLUDE_SOURCE;
				MTL_FAST_MATH = YES;
				ONLY_ACTIVE_ARCH = YES;
				SDKROOT = iphoneos;
				SWIFT_ACTIVE_COMPILATION_CONDITIONS = DEBUG;
				SWIFT_OPTIMIZATION_LEVEL = "-Onone";
			};
			name = Debug;
		};
		C7EC6509259D61F0002360AD /* Release */ = {
			isa = XCBuildConfiguration;
			buildSettings = {
				ALWAYS_SEARCH_USER_PATHS = NO;
				CLANG_ANALYZER_NONNULL = YES;
				CLANG_ANALYZER_NUMBER_OBJECT_CONVERSION = YES_AGGRESSIVE;
				CLANG_CXX_LANGUAGE_STANDARD = "gnu++14";
				CLANG_CXX_LIBRARY = "libc++";
				CLANG_ENABLE_MODULES = YES;
				CLANG_ENABLE_OBJC_ARC = YES;
				CLANG_ENABLE_OBJC_WEAK = YES;
				CLANG_WARN_BLOCK_CAPTURE_AUTORELEASING = YES;
				CLANG_WARN_BOOL_CONVERSION = YES;
				CLANG_WARN_COMMA = YES;
				CLANG_WARN_CONSTANT_CONVERSION = YES;
				CLANG_WARN_DEPRECATED_OBJC_IMPLEMENTATIONS = YES;
				CLANG_WARN_DIRECT_OBJC_ISA_USAGE = YES_ERROR;
				CLANG_WARN_DOCUMENTATION_COMMENTS = YES;
				CLANG_WARN_EMPTY_BODY = YES;
				CLANG_WARN_ENUM_CONVERSION = YES;
				CLANG_WARN_INFINITE_RECURSION = YES;
				CLANG_WARN_INT_CONVERSION = YES;
				CLANG_WARN_NON_LITERAL_NULL_CONVERSION = YES;
				CLANG_WARN_OBJC_IMPLICIT_RETAIN_SELF = YES;
				CLANG_WARN_OBJC_LITERAL_CONVERSION = YES;
				CLANG_WARN_OBJC_ROOT_CLASS = YES_ERROR;
				CLANG_WARN_QUOTED_INCLUDE_IN_FRAMEWORK_HEADER = YES;
				CLANG_WARN_RANGE_LOOP_ANALYSIS = YES;
				CLANG_WARN_STRICT_PROTOTYPES = YES;
				CLANG_WARN_SUSPICIOUS_MOVE = YES;
				CLANG_WARN_UNGUARDED_AVAILABILITY = YES_AGGRESSIVE;
				CLANG_WARN_UNREACHABLE_CODE = YES;
				CLANG_WARN__DUPLICATE_METHOD_MATCH = YES;
				COPY_PHASE_STRIP = NO;
				DEBUG_INFORMATION_FORMAT = "dwarf-with-dsym";
				ENABLE_NS_ASSERTIONS = NO;
				ENABLE_STRICT_OBJC_MSGSEND = YES;
				GCC_C_LANGUAGE_STANDARD = gnu11;
				GCC_NO_COMMON_BLOCKS = YES;
				GCC_WARN_64_TO_32_BIT_CONVERSION = YES;
				GCC_WARN_ABOUT_RETURN_TYPE = YES_ERROR;
				GCC_WARN_UNDECLARED_SELECTOR = YES;
				GCC_WARN_UNINITIALIZED_AUTOS = YES_AGGRESSIVE;
				GCC_WARN_UNUSED_FUNCTION = YES;
				GCC_WARN_UNUSED_VARIABLE = YES;
				IPHONEOS_DEPLOYMENT_TARGET = 14.3;
				MTL_ENABLE_DEBUG_INFO = NO;
				MTL_FAST_MATH = YES;
				SDKROOT = iphoneos;
				SWIFT_COMPILATION_MODE = wholemodule;
				SWIFT_OPTIMIZATION_LEVEL = "-O";
				VALIDATE_PRODUCT = YES;
			};
			name = Release;
		};
		C7EC650B259D61F0002360AD /* Debug */ = {
			isa = XCBuildConfiguration;
			baseConfigurationReference = DE11637D992F5BE848A6FB09 /* Pods-Listen1.debug.xcconfig */;
			buildSettings = {
				ASSETCATALOG_COMPILER_APPICON_NAME = AppIcon;
				ASSETCATALOG_COMPILER_GLOBAL_ACCENT_COLOR_NAME = AccentColor;
				CODE_SIGN_ENTITLEMENTS = Listen1/Listen1.entitlements;
				CODE_SIGN_STYLE = Automatic;
				DEVELOPMENT_TEAM = 39KMKYG6L6;
				INFOPLIST_FILE = Listen1/Info.plist;
				IPHONEOS_DEPLOYMENT_TARGET = 13.0;
				"IPHONEOS_DEPLOYMENT_TARGET[sdk=macosx*]" = 14.2;
				LD_RUNPATH_SEARCH_PATHS = (
					"$(inherited)",
					"@executable_path/Frameworks",
				);
				PRODUCT_BUNDLE_IDENTIFIER = cn.sky.tramp.Listen1;
				PRODUCT_NAME = "$(TARGET_NAME)";
				SUPPORTS_MACCATALYST = YES;
				SWIFT_VERSION = 5.0;
				TARGETED_DEVICE_FAMILY = "1,2,6";
			};
			name = Debug;
		};
		C7EC650C259D61F0002360AD /* Release */ = {
			isa = XCBuildConfiguration;
			baseConfigurationReference = 3F74166F190903A6E60DE46C /* Pods-Listen1.release.xcconfig */;
			buildSettings = {
				ASSETCATALOG_COMPILER_APPICON_NAME = AppIcon;
				ASSETCATALOG_COMPILER_GLOBAL_ACCENT_COLOR_NAME = AccentColor;
				CODE_SIGN_ENTITLEMENTS = Listen1/Listen1.entitlements;
				CODE_SIGN_STYLE = Automatic;
				DEVELOPMENT_TEAM = 39KMKYG6L6;
				INFOPLIST_FILE = Listen1/Info.plist;
				IPHONEOS_DEPLOYMENT_TARGET = 13.0;
				"IPHONEOS_DEPLOYMENT_TARGET[sdk=macosx*]" = 14.2;
				LD_RUNPATH_SEARCH_PATHS = (
					"$(inherited)",
					"@executable_path/Frameworks",
				);
				PRODUCT_BUNDLE_IDENTIFIER = cn.sky.tramp.Listen1;
				PRODUCT_NAME = "$(TARGET_NAME)";
				SUPPORTS_MACCATALYST = YES;
				SWIFT_VERSION = 5.0;
				TARGETED_DEVICE_FAMILY = "1,2,6";
			};
			name = Release;
		};
/* End XCBuildConfiguration section */

/* Begin XCConfigurationList section */
		C7EC64F1259D61EF002360AD /* Build configuration list for PBXProject "Listen1" */ = {
			isa = XCConfigurationList;
			buildConfigurations = (
				C7EC6508259D61F0002360AD /* Debug */,
				C7EC6509259D61F0002360AD /* Release */,
			);
			defaultConfigurationIsVisible = 0;
			defaultConfigurationName = Release;
		};
		C7EC650A259D61F0002360AD /* Build configuration list for PBXNativeTarget "Listen1" */ = {
			isa = XCConfigurationList;
			buildConfigurations = (
				C7EC650B259D61F0002360AD /* Debug */,
				C7EC650C259D61F0002360AD /* Release */,
			);
			defaultConfigurationIsVisible = 0;
			defaultConfigurationName = Release;
		};
/* End XCConfigurationList section */
	};
	rootObject = C7EC64EE259D61EF002360AD /* Project object */;
}
